{
  "version": 4,
  "terraform_version": "1.11.2",
  "serial": 32,
  "lineage": "76e68b5e-208b-0ae0-7589-8ad4e703cdc7",
  "outputs": {
    "log_analytics_workspace_workspace_id": {
      "value": "30fe176d-1f7c-48bf-a705-b43f7ea29762",
      "type": "string"
    },
    "waf_policy_name": {
      "value": "wafPolicyStaticWeb",
      "type": "string"
    }
  },
  "resources": [
    {
      "mode": "data",
      "type": "azurerm_resource_group",
      "name": "rg",
      "provider": "provider[\"registry.terraform.io/hashicorp/azurerm\"]",
      "instances": [
        {
          "schema_version": 0,
          "attributes": {
            "id": "/subscriptions/dd768d51-1ac4-493d-9f54-1936e5993b50/resourceGroups/team03-client",
            "location": "koreacentral",
            "managed_by": "",
            "name": "team03-client",
            "tags": {},
            "timeouts": null
          },
          "sensitive_attributes": []
        }
      ]
    },
    {
      "mode": "managed",
      "type": "azurerm_cdn_frontdoor_endpoint",
      "name": "fd_endpoint",
      "provider": "provider[\"registry.terraform.io/hashicorp/azurerm\"]",
      "instances": [
        {
          "schema_version": 0,
          "attributes": {
            "cdn_frontdoor_profile_id": "/subscriptions/dd768d51-1ac4-493d-9f54-1936e5993b50/resourceGroups/team03-client/providers/Microsoft.Cdn/profiles/fdProfileStaticWeb",
            "enabled": true,
            "host_name": "fdEndpointStaticWeb-bwcuhdhbgwechbcn.z03.azurefd.net",
            "id": "/subscriptions/dd768d51-1ac4-493d-9f54-1936e5993b50/resourceGroups/team03-client/providers/Microsoft.Cdn/profiles/fdProfileStaticWeb/afdEndpoints/fdEndpointStaticWeb",
            "name": "fdEndpointStaticWeb",
            "tags": {},
            "timeouts": null
          },
          "sensitive_attributes": [],
          "private": "eyJlMmJmYjczMC1lY2FhLTExZTYtOGY4OC0zNDM2M2JjN2M0YzAiOnsiY3JlYXRlIjoxODAwMDAwMDAwMDAwLCJkZWxldGUiOjE4MDAwMDAwMDAwMDAsInJlYWQiOjMwMDAwMDAwMDAwMCwidXBkYXRlIjoxODAwMDAwMDAwMDAwfX0=",
          "dependencies": [
            "azurerm_cdn_frontdoor_profile.fd_profile",
            "data.azurerm_resource_group.rg"
          ]
        }
      ]
    },
    {
      "mode": "managed",
      "type": "azurerm_cdn_frontdoor_firewall_policy",
      "name": "fd_waf_policy",
      "provider": "provider[\"registry.terraform.io/hashicorp/azurerm\"]",
      "instances": [
        {
          "schema_version": 0,
          "attributes": {
            "custom_block_response_body": "QmxvY2tlZCBieSBXQUY=",
            "custom_block_response_status_code": 403,
            "custom_rule": [],
            "enabled": true,
            "frontend_endpoint_ids": [],
            "id": "/subscriptions/dd768d51-1ac4-493d-9f54-1936e5993b50/resourceGroups/team03-client/providers/Microsoft.Network/frontDoorWebApplicationFirewallPolicies/wafPolicyStaticWeb",
            "managed_rule": [],
            "mode": "Prevention",
            "name": "wafPolicyStaticWeb",
            "redirect_url": "",
            "request_body_check_enabled": true,
            "resource_group_name": "team03-client",
            "sku_name": "Premium_AzureFrontDoor",
            "tags": {},
            "timeouts": null
          },
          "sensitive_attributes": [],
          "private": "eyJlMmJmYjczMC1lY2FhLTExZTYtOGY4OC0zNDM2M2JjN2M0YzAiOnsiY3JlYXRlIjoxODAwMDAwMDAwMDAwLCJkZWxldGUiOjE4MDAwMDAwMDAwMDAsInJlYWQiOjMwMDAwMDAwMDAwMCwidXBkYXRlIjoxODAwMDAwMDAwMDAwfX0=",
          "dependencies": [
            "data.azurerm_resource_group.rg"
          ]
        }
      ]
    },
    {
      "mode": "managed",
      "type": "azurerm_cdn_frontdoor_origin",
      "name": "fd_origin",
      "provider": "provider[\"registry.terraform.io/hashicorp/azurerm\"]",
      "instances": [
        {
          "schema_version": 0,
          "attributes": {
            "cdn_frontdoor_origin_group_id": "/subscriptions/dd768d51-1ac4-493d-9f54-1936e5993b50/resourceGroups/team03-client/providers/Microsoft.Cdn/profiles/fdProfileStaticWeb/originGroups/originGroupStaticWeb",
            "certificate_name_check_enabled": true,
            "enabled": true,
            "health_probes_enabled": true,
            "host_name": "black-plant-00f00be00.6.azurestaticapps.net",
            "http_port": 80,
            "https_port": 443,
            "id": "/subscriptions/dd768d51-1ac4-493d-9f54-1936e5993b50/resourceGroups/team03-client/providers/Microsoft.Cdn/profiles/fdProfileStaticWeb/originGroups/originGroupStaticWeb/origins/originStaticWeb",
            "name": "originStaticWeb",
            "origin_host_header": "black-plant-00f00be00.6.azurestaticapps.net",
            "priority": 1,
            "private_link": [],
            "timeouts": null,
            "weight": 1000
          },
          "sensitive_attributes": [],
          "private": "eyJlMmJmYjczMC1lY2FhLTExZTYtOGY4OC0zNDM2M2JjN2M0YzAiOnsiY3JlYXRlIjoxODAwMDAwMDAwMDAwLCJkZWxldGUiOjE4MDAwMDAwMDAwMDAsInJlYWQiOjMwMDAwMDAwMDAwMCwidXBkYXRlIjoxODAwMDAwMDAwMDAwfX0=",
          "dependencies": [
            "azurerm_cdn_frontdoor_origin_group.fd_origin_group",
            "azurerm_cdn_frontdoor_profile.fd_profile",
            "data.azurerm_resource_group.rg"
          ]
        }
      ]
    },
    {
      "mode": "managed",
      "type": "azurerm_cdn_frontdoor_origin_group",
      "name": "fd_origin_group",
      "provider": "provider[\"registry.terraform.io/hashicorp/azurerm\"]",
      "instances": [
        {
          "schema_version": 0,
          "attributes": {
            "cdn_frontdoor_profile_id": "/subscriptions/dd768d51-1ac4-493d-9f54-1936e5993b50/resourceGroups/team03-client/providers/Microsoft.Cdn/profiles/fdProfileStaticWeb",
            "health_probe": [
              {
                "interval_in_seconds": 30,
                "path": "/",
                "protocol": "Https",
                "request_type": "GET"
              }
            ],
            "id": "/subscriptions/dd768d51-1ac4-493d-9f54-1936e5993b50/resourceGroups/team03-client/providers/Microsoft.Cdn/profiles/fdProfileStaticWeb/originGroups/originGroupStaticWeb",
            "load_balancing": [
              {
                "additional_latency_in_milliseconds": 0,
                "sample_size": 4,
                "successful_samples_required": 3
              }
            ],
            "name": "originGroupStaticWeb",
            "restore_traffic_time_to_healed_or_new_endpoint_in_minutes": 10,
            "session_affinity_enabled": false,
            "timeouts": null
          },
          "sensitive_attributes": [],
          "private": "eyJlMmJmYjczMC1lY2FhLTExZTYtOGY4OC0zNDM2M2JjN2M0YzAiOnsiY3JlYXRlIjoxODAwMDAwMDAwMDAwLCJkZWxldGUiOjE4MDAwMDAwMDAwMDAsInJlYWQiOjMwMDAwMDAwMDAwMCwidXBkYXRlIjoxODAwMDAwMDAwMDAwfX0=",
          "dependencies": [
            "azurerm_cdn_frontdoor_profile.fd_profile",
            "data.azurerm_resource_group.rg"
          ]
        }
      ]
    },
    {
      "mode": "managed",
      "type": "azurerm_cdn_frontdoor_profile",
      "name": "fd_profile",
      "provider": "provider[\"registry.terraform.io/hashicorp/azurerm\"]",
      "instances": [
        {
          "schema_version": 0,
          "attributes": {
            "id": "/subscriptions/dd768d51-1ac4-493d-9f54-1936e5993b50/resourceGroups/team03-client/providers/Microsoft.Cdn/profiles/fdProfileStaticWeb",
            "name": "fdProfileStaticWeb",
            "resource_group_name": "team03-client",
            "resource_guid": "adf3ed0a-27de-4d81-b7bd-ab69487adb3f",
            "response_timeout_seconds": 120,
            "sku_name": "Premium_AzureFrontDoor",
            "tags": {},
            "timeouts": null
          },
          "sensitive_attributes": [],
          "private": "eyJlMmJmYjczMC1lY2FhLTExZTYtOGY4OC0zNDM2M2JjN2M0YzAiOnsiY3JlYXRlIjoxODAwMDAwMDAwMDAwLCJkZWxldGUiOjE4MDAwMDAwMDAwMDAsInJlYWQiOjMwMDAwMDAwMDAwMCwidXBkYXRlIjoxODAwMDAwMDAwMDAwfX0=",
          "dependencies": [
            "data.azurerm_resource_group.rg"
          ]
        }
      ]
    },
    {
      "mode": "managed",
      "type": "azurerm_cdn_frontdoor_route",
      "name": "fd_route",
      "provider": "provider[\"registry.terraform.io/hashicorp/azurerm\"]",
      "instances": [
        {
          "schema_version": 0,
          "attributes": {
            "cache": [],
            "cdn_frontdoor_custom_domain_ids": [],
            "cdn_frontdoor_endpoint_id": "/subscriptions/dd768d51-1ac4-493d-9f54-1936e5993b50/resourceGroups/team03-client/providers/Microsoft.Cdn/profiles/fdProfileStaticWeb/afdEndpoints/fdEndpointStaticWeb",
            "cdn_frontdoor_origin_group_id": "/subscriptions/dd768d51-1ac4-493d-9f54-1936e5993b50/resourceGroups/team03-client/providers/Microsoft.Cdn/profiles/fdProfileStaticWeb/originGroups/originGroupStaticWeb",
            "cdn_frontdoor_origin_ids": [
              "/subscriptions/dd768d51-1ac4-493d-9f54-1936e5993b50/resourceGroups/team03-client/providers/Microsoft.Cdn/profiles/fdProfileStaticWeb/originGroups/originGroupStaticWeb/origins/originStaticWeb"
            ],
            "cdn_frontdoor_origin_path": "",
            "cdn_frontdoor_rule_set_ids": [],
            "enabled": true,
            "forwarding_protocol": "MatchRequest",
            "https_redirect_enabled": true,
            "id": "/subscriptions/dd768d51-1ac4-493d-9f54-1936e5993b50/resourceGroups/team03-client/providers/Microsoft.Cdn/profiles/fdProfileStaticWeb/afdEndpoints/fdEndpointStaticWeb/routes/routeStaticWeb",
            "link_to_default_domain": true,
            "name": "routeStaticWeb",
            "patterns_to_match": [
              "/*"
            ],
            "supported_protocols": [
              "Http",
              "Https"
            ],
            "timeouts": null
          },
          "sensitive_attributes": [],
          "private": "eyJlMmJmYjczMC1lY2FhLTExZTYtOGY4OC0zNDM2M2JjN2M0YzAiOnsiY3JlYXRlIjoxODAwMDAwMDAwMDAwLCJkZWxldGUiOjE4MDAwMDAwMDAwMDAsInJlYWQiOjMwMDAwMDAwMDAwMCwidXBkYXRlIjoxODAwMDAwMDAwMDAwfX0=",
          "dependencies": [
            "azurerm_cdn_frontdoor_endpoint.fd_endpoint",
            "azurerm_cdn_frontdoor_origin.fd_origin",
            "azurerm_cdn_frontdoor_origin_group.fd_origin_group",
            "azurerm_cdn_frontdoor_profile.fd_profile",
            "data.azurerm_resource_group.rg"
          ]
        }
      ]
    },
    {
      "mode": "managed",
      "type": "azurerm_cdn_frontdoor_security_policy",
      "name": "fd_waf_attach",
      "provider": "provider[\"registry.terraform.io/hashicorp/azurerm\"]",
      "instances": [
        {
          "schema_version": 0,
          "attributes": {
            "cdn_frontdoor_profile_id": "/subscriptions/dd768d51-1ac4-493d-9f54-1936e5993b50/resourceGroups/team03-client/providers/Microsoft.Cdn/profiles/fdProfileStaticWeb",
            "id": "/subscriptions/dd768d51-1ac4-493d-9f54-1936e5993b50/resourceGroups/team03-client/providers/Microsoft.Cdn/profiles/fdProfileStaticWeb/securityPolicies/fdSecurityPolicy",
            "name": "fdSecurityPolicy",
            "security_policies": [
              {
                "firewall": [
                  {
                    "association": [
                      {
                        "domain": [
                          {
                            "active": true,
                            "cdn_frontdoor_domain_id": "/subscriptions/dd768d51-1ac4-493d-9f54-1936e5993b50/resourceGroups/team03-client/providers/Microsoft.Cdn/profiles/fdProfileStaticWeb/afdEndpoints/fdEndpointStaticWeb"
                          }
                        ],
                        "patterns_to_match": [
                          "/*"
                        ]
                      }
                    ],
                    "cdn_frontdoor_firewall_policy_id": "/subscriptions/dd768d51-1ac4-493d-9f54-1936e5993b50/resourceGroups/team03-client/providers/Microsoft.Network/frontDoorWebApplicationFirewallPolicies/wafPolicyStaticWeb"
                  }
                ]
              }
            ],
            "timeouts": null
          },
          "sensitive_attributes": [],
          "private": "eyJlMmJmYjczMC1lY2FhLTExZTYtOGY4OC0zNDM2M2JjN2M0YzAiOnsiY3JlYXRlIjoxODAwMDAwMDAwMDAwLCJkZWxldGUiOjE4MDAwMDAwMDAwMDAsInJlYWQiOjMwMDAwMDAwMDAwMH19",
          "dependencies": [
            "azurerm_cdn_frontdoor_endpoint.fd_endpoint",
            "azurerm_cdn_frontdoor_firewall_policy.fd_waf_policy",
            "azurerm_cdn_frontdoor_profile.fd_profile",
            "data.azurerm_resource_group.rg"
          ]
        }
      ]
    },
    {
      "mode": "managed",
      "type": "azurerm_log_analytics_workspace",
      "name": "log_analytics",
      "provider": "provider[\"registry.terraform.io/hashicorp/azurerm\"]",
      "instances": [
        {
          "schema_version": 3,
          "attributes": {
            "allow_resource_only_permissions": true,
            "cmk_for_query_forced": false,
            "daily_quota_gb": -1,
            "data_collection_rule_id": "",
            "id": "/subscriptions/dd768d51-1ac4-493d-9f54-1936e5993b50/resourceGroups/team03-client/providers/Microsoft.OperationalInsights/workspaces/logAnalyticsStaticWeb",
            "identity": [],
            "immediate_data_purge_on_30_days_enabled": false,
            "internet_ingestion_enabled": true,
            "internet_query_enabled": true,
            "local_authentication_disabled": false,
            "location": "koreacentral",
            "name": "logAnalyticsStaticWeb",
            "primary_shared_key": "MG0bclnSSUhUaBEryUVeYMnxAQNW63ILeghF+3ncqzS5snCoOhFslvzaDCl8vlzRgxrwCXcWPMeLgRpbwtpvjw==",
            "reservation_capacity_in_gb_per_day": null,
            "resource_group_name": "team03-client",
            "retention_in_days": 30,
            "secondary_shared_key": "tUhUjkdboIt9EoOYe/sHpYHWiztvA25Squ/2oxpvSy6j2oiqcwAA9McQXhqN2bNGJKYpnODByfllfb3xeqBdIA==",
            "sku": "PerGB2018",
            "tags": {},
            "timeouts": null,
            "workspace_id": "30fe176d-1f7c-48bf-a705-b43f7ea29762"
          },
          "sensitive_attributes": [
            [
              {
                "type": "get_attr",
                "value": "primary_shared_key"
              }
            ],
            [
              {
                "type": "get_attr",
                "value": "secondary_shared_key"
              }
            ]
          ],
          "private": "eyJlMmJmYjczMC1lY2FhLTExZTYtOGY4OC0zNDM2M2JjN2M0YzAiOnsiY3JlYXRlIjoxODAwMDAwMDAwMDAwLCJkZWxldGUiOjE4MDAwMDAwMDAwMDAsInJlYWQiOjMwMDAwMDAwMDAwMCwidXBkYXRlIjoxODAwMDAwMDAwMDAwfSwic2NoZW1hX3ZlcnNpb24iOiIzIn0=",
          "dependencies": [
            "data.azurerm_resource_group.rg"
          ]
        }
      ]
    },
    {
      "mode": "managed",
      "type": "azurerm_monitor_diagnostic_setting",
      "name": "fd_diagnostic_setting",
      "provider": "provider[\"registry.terraform.io/hashicorp/azurerm\"]",
      "instances": [
        {
          "schema_version": 0,
          "attributes": {
            "enabled_log": [
              {
                "category": "",
                "category_group": "allLogs",
                "retention_policy": [
                  {
                    "days": 0,
                    "enabled": false
                  }
                ]
              },
              {
                "category": "",
                "category_group": "audit",
                "retention_policy": [
                  {
                    "days": 0,
                    "enabled": false
                  }
                ]
              }
            ],
            "eventhub_authorization_rule_id": "",
            "eventhub_name": "",
            "id": "/subscriptions/dd768d51-1ac4-493d-9f54-1936e5993b50/resourceGroups/team03-client/providers/Microsoft.Cdn/profiles/fdProfileStaticWeb|diagnosticSettingFrontDoor",
            "log": [
              {
                "category": "",
                "category_group": "allLogs",
                "enabled": true,
                "retention_policy": [
                  {
                    "days": 0,
                    "enabled": false
                  }
                ]
              },
              {
                "category": "",
                "category_group": "audit",
                "enabled": true,
                "retention_policy": [
                  {
                    "days": 0,
                    "enabled": false
                  }
                ]
              }
            ],
            "log_analytics_destination_type": "",
            "log_analytics_workspace_id": "/subscriptions/dd768d51-1ac4-493d-9f54-1936e5993b50/resourceGroups/team03-client/providers/Microsoft.OperationalInsights/workspaces/logAnalyticsStaticWeb",
            "metric": [],
            "name": "diagnosticSettingFrontDoor",
            "partner_solution_id": null,
            "storage_account_id": null,
            "target_resource_id": "/subscriptions/dd768d51-1ac4-493d-9f54-1936e5993b50/resourceGroups/team03-client/providers/Microsoft.Cdn/profiles/fdProfileStaticWeb",
            "timeouts": null
          },
          "sensitive_attributes": [],
          "private": "eyJlMmJmYjczMC1lY2FhLTExZTYtOGY4OC0zNDM2M2JjN2M0YzAiOnsiY3JlYXRlIjoxODAwMDAwMDAwMDAwLCJkZWxldGUiOjM2MDAwMDAwMDAwMDAsInJlYWQiOjMwMDAwMDAwMDAwMCwidXBkYXRlIjoxODAwMDAwMDAwMDAwfX0=",
          "dependencies": [
            "azurerm_cdn_frontdoor_profile.fd_profile",
            "azurerm_log_analytics_workspace.log_analytics",
            "data.azurerm_resource_group.rg"
          ]
        }
      ]
    }
  ],
  "check_results": null
}
